
Microsoft Visual Studio Solution File, Format Version 12.00
# Visual Studio Version 17
VisualStudioVersion = 17.8.34112.27
MinimumVisualStudioVersion = 10.0.40219.1
Project("{FAE04EC0-301F-11D3-BF4B-00C04F79EFBC}") = "SnakeGameWPF", "..\SnakeGameWPF\SnakeGameWPF.csproj", "{F0ACB0AF-20E7-457E-8812-03D993D8A21B}"
EndProject
Global
	GlobalSection(SolutionConfigurationPlatforms) = preSolution
		Debug|Any CPU = Debug|Any CPU
		Release|Any CPU = Release|Any CPU
	EndGlobalSection
	GlobalSection(ProjectConfigurationPlatforms) = postSolution
		{F0ACB0AF-20E7-457E-8812-03D993D8A21B}.Debug|Any CPU.ActiveCfg = Debug|Any CPU
		{F0ACB0AF-20E7-457E-8812-03D993D8A21B}.Debug|Any CPU.Build.0 = Debug|Any CPU
		{F0ACB0AF-20E7-457E-8812-03D993D8A21B}.Release|Any CPU.ActiveCfg = Release|Any CPU
		{F0ACB0AF-20E7-457E-8812-03D993D8A21B}.Release|Any CPU.Build.0 = Release|Any CPU
	EndGlobalSection
	GlobalSection(SolutionProperties) = preSolution
		HideSolutionNode = FALSE
	EndGlobalSection
	GlobalSection(ExtensibilityGlobals) = postSolution
		SolutionGuid = {D6F64AB5-A187-4084-A138-27A6DB34E3FD}
	EndGlobalSection
EndGlobal
